
Microsoft Visual Studio Solution File, Format Version 12.00
# Visual Studio 15
VisualStudioVersion = 15.0.28010.2026
MinimumVisualStudioVersion = 10.0.40219.1
Project("{FAE04EC0-301F-11D3-BF4B-00C04F79EFBC}") = "TodoDemo1", "TodoDemo1\TodoDemo1.csproj", "{928D5344-08DC-4D4B-AA64-03808A0AB76C}"
EndProject
Global
	GlobalSection(SolutionConfigurationPlatforms) = preSolution
		Debug|Any CPU = Debug|Any CPU
		Release|Any CPU = Release|Any CPU
	EndGlobalSection
	GlobalSection(ProjectConfigurationPlatforms) = postSolution
		{928D5344-08DC-4D4B-AA64-03808A0AB76C}.Debug|Any CPU.ActiveCfg = Debug|Any CPU
		{928D5344-08DC-4D4B-AA64-03808A0AB76C}.Debug|Any CPU.Build.0 = Debug|Any CPU
		{928D5344-08DC-4D4B-AA64-03808A0AB76C}.Release|Any CPU.ActiveCfg = Release|Any CPU
		{928D5344-08DC-4D4B-AA64-03808A0AB76C}.Release|Any CPU.Build.0 = Release|Any CPU
	EndGlobalSection
	GlobalSection(SolutionProperties) = preSolution
		HideSolutionNode = FALSE
	EndGlobalSection
	GlobalSection(ExtensibilityGlobals) = postSolution
		SolutionGuid = {4E16DC17-6D18-4A3F-93CB-4BCFBD6C284B}
	EndGlobalSection
EndGlobal
